// !$*UTF8*$!
{
	archiveVersion = 1;
	classes = {
	};
	objectVersion = 48;
	objects = {

/* Begin PBXBuildFile section */
		333FB61B0752A81487A4869C /* Pods_Todo_List.framework in Frameworks */ = {isa = PBXBuildFile; fileRef = 77291AE54150C78804FDC8F2 /* Pods_Todo_List.framework */; };
		AE1D66C2204E66D6004C1C76 /* AppDelegate.swift in Sources */ = {isa = PBXBuildFile; fileRef = AE1D66C1204E66D6004C1C76 /* AppDelegate.swift */; };
		AE1D66C4204E66D6004C1C76 /* TodoListViewController.swift in Sources */ = {isa = PBXBuildFile; fileRef = AE1D66C3204E66D6004C1C76 /* TodoListViewController.swift */; };
		AE1D66C7204E66D6004C1C76 /* Main.storyboard in Resources */ = {isa = PBXBuildFile; fileRef = AE1D66C5204E66D6004C1C76 /* Main.storyboard */; };
		AE1D66C9204E66D6004C1C76 /* Assets.xcassets in Resources */ = {isa = PBXBuildFile; fileRef = AE1D66C8204E66D6004C1C76 /* Assets.xcassets */; };
		AE1D66CC204E66D6004C1C76 /* LaunchScreen.storyboard in Resources */ = {isa = PBXBuildFile; fileRef = AE1D66CA204E66D6004C1C76 /* LaunchScreen.storyboard */; };
		AE56B8BC20549A5400F0E52A /* CategoryViewController.swift in Sources */ = {isa = PBXBuildFile; fileRef = AE56B8BB20549A5400F0E52A /* CategoryViewController.swift */; };
		AEA436C0205CD60600E391E9 /* Item.swift in Sources */ = {isa = PBXBuildFile; fileRef = AEA436BF205CD60600E391E9 /* Item.swift */; };
		AEA436C2205CD61500E391E9 /* Category.swift in Sources */ = {isa = PBXBuildFile; fileRef = AEA436C1205CD61500E391E9 /* Category.swift */; };
/* End PBXBuildFile section */

/* Begin PBXFileReference section */
		59ACD9951A7CC139E3B337A9 /* Pods-Todo List.debug.xcconfig */ = {isa = PBXFileReference; includeInIndex = 1; lastKnownFileType = text.xcconfig; name = "Pods-Todo List.debug.xcconfig"; path = "Pods/Target Support Files/Pods-Todo List/Pods-Todo List.debug.xcconfig"; sourceTree = "<group>"; };
		77291AE54150C78804FDC8F2 /* Pods_Todo_List.framework */ = {isa = PBXFileReference; explicitFileType = wrapper.framework; includeInIndex = 0; path = Pods_Todo_List.framework; sourceTree = BUILT_PRODUCTS_DIR; };
		AE1D66BE204E66D6004C1C76 /* Todo List.app */ = {isa = PBXFileReference; explicitFileType = wrapper.application; includeInIndex = 0; path = "Todo List.app"; sourceTree = BUILT_PRODUCTS_DIR; };
		AE1D66C1204E66D6004C1C76 /* AppDelegate.swift */ = {isa = PBXFileReference; lastKnownFileType = sourcecode.swift; path = AppDelegate.swift; sourceTree = "<group>"; };
		AE1D66C3204E66D6004C1C76 /* TodoListViewController.swift */ = {isa = PBXFileReference; lastKnownFileType = sourcecode.swift; path = TodoListViewController.swift; sourceTree = "<group>"; };
		AE1D66C6204E66D6004C1C76 /* Base */ = {isa = PBXFileReference; lastKnownFileType = file.storyboard; name = Base; path = Base.lproj/Main.storyboard; sourceTree = "<group>"; };
		AE1D66C8204E66D6004C1C76 /* Assets.xcassets */ = {isa = PBXFileReference; lastKnownFileType = folder.assetcatalog; path = Assets.xcassets; sourceTree = "<group>"; };
		AE1D66CB204E66D6004C1C76 /* Base */ = {isa = PBXFileReference; lastKnownFileType = file.storyboard; name = Base; path = Base.lproj/LaunchScreen.storyboard; sourceTree = "<group>"; };
		AE1D66CD204E66D6004C1C76 /* Info.plist */ = {isa = PBXFileReference; lastKnownFileType = text.plist.xml; path = Info.plist; sourceTree = "<group>"; };
		AE56B8BB20549A5400F0E52A /* CategoryViewController.swift */ = {isa = PBXFileReference; lastKnownFileType = sourcecode.swift; path = CategoryViewController.swift; sourceTree = "<group>"; };
		AEA436BF205CD60600E391E9 /* Item.swift */ = {isa = PBXFileReference; lastKnownFileType = sourcecode.swift; path = Item.swift; sourceTree = "<group>"; };
		AEA436C1205CD61500E391E9 /* Category.swift */ = {isa = PBXFileReference; lastKnownFileType = sourcecode.swift; path = Category.swift; sourceTree = "<group>"; };
		D150FB2D5D2DCFFA404D4FA7 /* Pods-Todo List.release.xcconfig */ = {isa = PBXFileReference; includeInIndex = 1; lastKnownFileType = text.xcconfig; name = "Pods-Todo List.release.xcconfig"; path = "Pods/Target Support Files/Pods-Todo List/Pods-Todo List.release.xcconfig"; sourceTree = "<group>"; };
/* End PBXFileReference section */

/* Begin PBXFrameworksBuildPhase section */
		AE1D66BB204E66D6004C1C76 /* Frameworks */ = {
			isa = PBXFrameworksBuildPhase;
			buildActionMask = 2147483647;
			files = (
				333FB61B0752A81487A4869C /* Pods_Todo_List.framework in Frameworks */,
			);
			runOnlyForDeploymentPostprocessing = 0;
		};
/* End PBXFrameworksBuildPhase section */

/* Begin PBXGroup section */
		AE12572220526F2B00562561 /* Data Model  */ = {
			isa = PBXGroup;
			children = (
				AEA436BF205CD60600E391E9 /* Item.swift */,
				AEA436C1205CD61500E391E9 /* Category.swift */,
			);
			path = "Data Model ";
			sourceTree = "<group>";
		};
		AE12572320526F3800562561 /* View */ = {
			isa = PBXGroup;
			children = (
				AE1D66C5204E66D6004C1C76 /* Main.storyboard */,
			);
			name = View;
			path = "New Group";
			sourceTree = "<group>";
		};
		AE12572420526F4A00562561 /* Supporting Files */ = {
			isa = PBXGroup;
			children = (
				AE1D66CA204E66D6004C1C76 /* LaunchScreen.storyboard */,
				AE1D66C8204E66D6004C1C76 /* Assets.xcassets */,
			);
			name = "Supporting Files";
			path = "New Group1";
			sourceTree = "<group>";
		};
		AE12572520526F5B00562561 /* Controller */ = {
			isa = PBXGroup;
			children = (
				AE1D66C1204E66D6004C1C76 /* AppDelegate.swift */,
				AE56B8BB20549A5400F0E52A /* CategoryViewController.swift */,
				AE1D66C3204E66D6004C1C76 /* TodoListViewController.swift */,
			);
			path = Controller;
			sourceTree = "<group>";
		};
		AE1D66B5204E66D6004C1C76 = {
			isa = PBXGroup;
			children = (
				AE1D66C0204E66D6004C1C76 /* Todo List */,
				AE1D66BF204E66D6004C1C76 /* Products */,
				BCCFF0FB932A8747D83699D9 /* Pods */,
				D949B52094D36494C3059F5F /* Frameworks */,
			);
			sourceTree = "<group>";
		};
		AE1D66BF204E66D6004C1C76 /* Products */ = {
			isa = PBXGroup;
			children = (
				AE1D66BE204E66D6004C1C76 /* Todo List.app */,
			);
			name = Products;
			sourceTree = "<group>";
		};
		AE1D66C0204E66D6004C1C76 /* Todo List */ = {
			isa = PBXGroup;
			children = (
				AE12572520526F5B00562561 /* Controller */,
				AE12572220526F2B00562561 /* Data Model  */,
				AE12572320526F3800562561 /* View */,
				AE12572420526F4A00562561 /* Supporting Files */,
				AE1D66CD204E66D6004C1C76 /* Info.plist */,
			);
			path = "Todo List";
			sourceTree = "<group>";
		};
		BCCFF0FB932A8747D83699D9 /* Pods */ = {
			isa = PBXGroup;
			children = (
				59ACD9951A7CC139E3B337A9 /* Pods-Todo List.debug.xcconfig */,
				D150FB2D5D2DCFFA404D4FA7 /* Pods-Todo List.release.xcconfig */,
			);
			name = Pods;
			sourceTree = "<group>";
		};
		D949B52094D36494C3059F5F /* Frameworks */ = {
			isa = PBXGroup;
			children = (
				77291AE54150C78804FDC8F2 /* Pods_Todo_List.framework */,
			);
			name = Frameworks;
			sourceTree = "<group>";
		};
/* End PBXGroup section */

/* Begin PBXNativeTarget section */
		AE1D66BD204E66D6004C1C76 /* Todo List */ = {
			isa = PBXNativeTarget;
			buildConfigurationList = AE1D66D0204E66D6004C1C76 /* Build configuration list for PBXNativeTarget "Todo List" */;
			buildPhases = (
				9305223C8D923357D4F5D193 /* [CP] Check Pods Manifest.lock */,
				AE1D66BA204E66D6004C1C76 /* Sources */,
				AE1D66BB204E66D6004C1C76 /* Frameworks */,
				AE1D66BC204E66D6004C1C76 /* Resources */,
				DEEB868BAC96A7B387C04ED1 /* [CP] Embed Pods Frameworks */,
				879F41DEB6732B376E81C6E4 /* [CP] Copy Pods Resources */,
			);
			buildRules = (
			);
			dependencies = (
			);
			name = "Todo List";
			productName = "Todo List";
			productReference = AE1D66BE204E66D6004C1C76 /* Todo List.app */;
			productType = "com.apple.product-type.application";
		};
/* End PBXNativeTarget section */

/* Begin PBXProject section */
		AE1D66B6204E66D6004C1C76 /* Project object */ = {
			isa = PBXProject;
			attributes = {
				LastSwiftUpdateCheck = 0920;
				LastUpgradeCheck = 0920;
				ORGANIZATIONNAME = "Aaron Geist";
				TargetAttributes = {
					AE1D66BD204E66D6004C1C76 = {
						CreatedOnToolsVersion = 9.2;
						ProvisioningStyle = Automatic;
					};
				};
			};
			buildConfigurationList = AE1D66B9204E66D6004C1C76 /* Build configuration list for PBXProject "Todo List" */;
			compatibilityVersion = "Xcode 8.0";
			developmentRegion = en;
			hasScannedForEncodings = 0;
			knownRegions = (
				en,
				Base,
			);
			mainGroup = AE1D66B5204E66D6004C1C76;
			productRefGroup = AE1D66BF204E66D6004C1C76 /* Products */;
			projectDirPath = "";
			projectRoot = "";
			targets = (
				AE1D66BD204E66D6004C1C76 /* Todo List */,
			);
		};
/* End PBXProject section */

/* Begin PBXResourcesBuildPhase section */
		AE1D66BC204E66D6004C1C76 /* Resources */ = {
			isa = PBXResourcesBuildPhase;
			buildActionMask = 2147483647;
			files = (
				AE1D66CC204E66D6004C1C76 /* LaunchScreen.storyboard in Resources */,
				AE1D66C9204E66D6004C1C76 /* Assets.xcassets in Resources */,
				AE1D66C7204E66D6004C1C76 /* Main.storyboard in Resources */,
			);
			runOnlyForDeploymentPostprocessing = 0;
		};
/* End PBXResourcesBuildPhase section */

/* Begin PBXShellScriptBuildPhase section */
		879F41DEB6732B376E81C6E4 /* [CP] Copy Pods Resources */ = {
			isa = PBXShellScriptBuildPhase;
			buildActionMask = 2147483647;
			files = (
			);
			inputPaths = (
			);
			name = "[CP] Copy Pods Resources";
			outputPaths = (
			);
			runOnlyForDeploymentPostprocessing = 0;
			shellPath = /bin/sh;
			shellScript = "\"${SRCROOT}/Pods/Target Support Files/Pods-Todo List/Pods-Todo List-resources.sh\"\n";
			showEnvVarsInLog = 0;
		};
		9305223C8D923357D4F5D193 /* [CP] Check Pods Manifest.lock */ = {
			isa = PBXShellScriptBuildPhase;
			buildActionMask = 2147483647;
			files = (
			);
			inputPaths = (
				"${PODS_PODFILE_DIR_PATH}/Podfile.lock",
				"${PODS_ROOT}/Manifest.lock",
			);
			name = "[CP] Check Pods Manifest.lock";
			outputPaths = (
				"$(DERIVED_FILE_DIR)/Pods-Todo List-checkManifestLockResult.txt",
			);
			runOnlyForDeploymentPostprocessing = 0;
			shellPath = /bin/sh;
			shellScript = "diff \"${PODS_PODFILE_DIR_PATH}/Podfile.lock\" \"${PODS_ROOT}/Manifest.lock\" > /dev/null\nif [ $? != 0 ] ; then\n    # print error to STDERR\n    echo \"error: The sandbox is not in sync with the Podfile.lock. Run 'pod install' or update your CocoaPods installation.\" >&2\n    exit 1\nfi\n# This output is used by Xcode 'outputs' to avoid re-running this script phase.\necho \"SUCCESS\" > \"${SCRIPT_OUTPUT_FILE_0}\"\n";
			showEnvVarsInLog = 0;
		};
		DEEB868BAC96A7B387C04ED1 /* [CP] Embed Pods Frameworks */ = {
			isa = PBXShellScriptBuildPhase;
			buildActionMask = 2147483647;
			files = (
			);
			inputPaths = (
				"${SRCROOT}/Pods/Target Support Files/Pods-Todo List/Pods-Todo List-frameworks.sh",
				"${BUILT_PRODUCTS_DIR}/Realm/Realm.framework",
				"${BUILT_PRODUCTS_DIR}/RealmSwift/RealmSwift.framework",
			);
			name = "[CP] Embed Pods Frameworks";
			outputPaths = (
				"${TARGET_BUILD_DIR}/${FRAMEWORKS_FOLDER_PATH}/Realm.framework",
				"${TARGET_BUILD_DIR}/${FRAMEWORKS_FOLDER_PATH}/RealmSwift.framework",
			);
			runOnlyForDeploymentPostprocessing = 0;
			shellPath = /bin/sh;
			shellScript = "\"${SRCROOT}/Pods/Target Support Files/Pods-Todo List/Pods-Todo List-frameworks.sh\"\n";
			showEnvVarsInLog = 0;
		};
/* End PBXShellScriptBuildPhase section */

/* Begin PBXSourcesBuildPhase section */
		AE1D66BA204E66D6004C1C76 /* Sources */ = {
			isa = PBXSourcesBuildPhase;
			buildActionMask = 2147483647;
			files = (
				AEA436C0205CD60600E391E9 /* Item.swift in Sources */,
				AE56B8BC20549A5400F0E52A /* CategoryViewController.swift in Sources */,
				AE1D66C4204E66D6004C1C76 /* TodoListViewController.swift in Sources */,
				AE1D66C2204E66D6004C1C76 /* AppDelegate.swift in Sources */,
				AEA436C2205CD61500E391E9 /* Category.swift in Sources */,
			);
			runOnlyForDeploymentPostprocessing = 0;
		};
/* End PBXSourcesBuildPhase section */

/* Begin PBXVariantGroup section */
		AE1D66C5204E66D6004C1C76 /* Main.storyboard */ = {
			isa = PBXVariantGroup;
			children = (
				AE1D66C6204E66D6004C1C76 /* Base */,
			);
			name = Main.storyboard;
			sourceTree = "<group>";
		};
		AE1D66CA204E66D6004C1C76 /* LaunchScreen.storyboard */ = {
			isa = PBXVariantGroup;
			children = (
				AE1D66CB204E66D6004C1C76 /* Base */,
			);
			name = LaunchScreen.storyboard;
			sourceTree = "<group>";
		};
/* End PBXVariantGroup section */

/* Begin XCBuildConfiguration section */
		AE1D66CE204E66D6004C1C76 /* Debug */ = {
			isa = XCBuildConfiguration;
			buildSettings = {
				ALWAYS_SEARCH_USER_PATHS = NO;
				CLANG_ANALYZER_NONNULL = YES;
				CLANG_ANALYZER_NUMBER_OBJECT_CONVERSION = YES_AGGRESSIVE;
				CLANG_CXX_LANGUAGE_STANDARD = "gnu++14";
				CLANG_CXX_LIBRARY = "libc++";
				CLANG_ENABLE_MODULES = YES;
				CLANG_ENABLE_OBJC_ARC = YES;
				CLANG_WARN_BLOCK_CAPTURE_AUTORELEASING = YES;
				CLANG_WARN_BOOL_CONVERSION = YES;
				CLANG_WARN_COMMA = YES;
				CLANG_WARN_CONSTANT_CONVERSION = YES;
				CLANG_WARN_DIRECT_OBJC_ISA_USAGE = YES_ERROR;
				CLANG_WARN_DOCUMENTATION_COMMENTS = YES;
				CLANG_WARN_EMPTY_BODY = YES;
				CLANG_WARN_ENUM_CONVERSION = YES;
				CLANG_WARN_INFINITE_RECURSION = YES;
				CLANG_WARN_INT_CONVERSION = YES;
				CLANG_WARN_NON_LITERAL_NULL_CONVERSION = YES;
				CLANG_WARN_OBJC_LITERAL_CONVERSION = YES;
				CLANG_WARN_OBJC_ROOT_CLASS = YES_ERROR;
				CLANG_WARN_RANGE_LOOP_ANALYSIS = YES;
				CLANG_WARN_STRICT_PROTOTYPES = YES;
				CLANG_WARN_SUSPICIOUS_MOVE = YES;
				CLANG_WARN_UNGUARDED_AVAILABILITY = YES_AGGRESSIVE;
				CLANG_WARN_UNREACHABLE_CODE = YES;
				CLANG_WARN__DUPLICATE_METHOD_MATCH = YES;
				CODE_SIGN_IDENTITY = "iPhone Developer";
				COPY_PHASE_STRIP = NO;
				DEBUG_INFORMATION_FORMAT = dwarf;
				ENABLE_STRICT_OBJC_MSGSEND = YES;
				ENABLE_TESTABILITY = YES;
				GCC_C_LANGUAGE_STANDARD = gnu11;
				GCC_DYNAMIC_NO_PIC = NO;
				GCC_NO_COMMON_BLOCKS = YES;
				GCC_OPTIMIZATION_LEVEL = 0;
				GCC_PREPROCESSOR_DEFINITIONS = (
					"DEBUG=1",
					"$(inherited)",
				);
				GCC_WARN_64_TO_32_BIT_CONVERSION = YES;
				GCC_WARN_ABOUT_RETURN_TYPE = YES_ERROR;
				GCC_WARN_UNDECLARED_SELECTOR = YES;
				GCC_WARN_UNINITIALIZED_AUTOS = YES_AGGRESSIVE;
				GCC_WARN_UNUSED_FUNCTION = YES;
				GCC_WARN_UNUSED_VARIABLE = YES;
				IPHONEOS_DEPLOYMENT_TARGET = 11.2;
				MTL_ENABLE_DEBUG_INFO = YES;
				ONLY_ACTIVE_ARCH = YES;
				SDKROOT = iphoneos;
				SWIFT_ACTIVE_COMPILATION_CONDITIONS = DEBUG;
				SWIFT_OPTIMIZATION_LEVEL = "-Onone";
			};
			name = Debug;
		};
		AE1D66CF204E66D6004C1C76 /* Release */ = {
			isa = XCBuildConfiguration;
			buildSettings = {
				ALWAYS_SEARCH_USER_PATHS = NO;
				CLANG_ANALYZER_NONNULL = YES;
				CLANG_ANALYZER_NUMBER_OBJECT_CONVERSION = YES_AGGRESSIVE;
				CLANG_CXX_LANGUAGE_STANDARD = "gnu++14";
				CLANG_CXX_LIBRARY = "libc++";
				CLANG_ENABLE_MODULES = YES;
				CLANG_ENABLE_OBJC_ARC = YES;
				CLANG_WARN_BLOCK_CAPTURE_AUTORELEASING = YES;
				CLANG_WARN_BOOL_CONVERSION = YES;
				CLANG_WARN_COMMA = YES;
				CLANG_WARN_CONSTANT_CONVERSION = YES;
				CLANG_WARN_DIRECT_OBJC_ISA_USAGE = YES_ERROR;
				CLANG_WARN_DOCUMENTATION_COMMENTS = YES;
				CLANG_WARN_EMPTY_BODY = YES;
				CLANG_WARN_ENUM_CONVERSION = YES;
				CLANG_WARN_INFINITE_RECURSION = YES;
				CLANG_WARN_INT_CONVERSION = YES;
				CLANG_WARN_NON_LITERAL_NULL_CONVERSION = YES;
				CLANG_WARN_OBJC_LITERAL_CONVERSION = YES;
				CLANG_WARN_OBJC_ROOT_CLASS = YES_ERROR;
				CLANG_WARN_RANGE_LOOP_ANALYSIS = YES;
				CLANG_WARN_STRICT_PROTOTYPES = YES;
				CLANG_WARN_SUSPICIOUS_MOVE = YES;
				CLANG_WARN_UNGUARDED_AVAILABILITY = YES_AGGRESSIVE;
				CLANG_WARN_UNREACHABLE_CODE = YES;
				CLANG_WARN__DUPLICATE_METHOD_MATCH = YES;
				CODE_SIGN_IDENTITY = "iPhone Developer";
				COPY_PHASE_STRIP = NO;
				DEBUG_INFORMATION_FORMAT = "dwarf-with-dsym";
				ENABLE_NS_ASSERTIONS = NO;
				ENABLE_STRICT_OBJC_MSGSEND = YES;
				GCC_C_LANGUAGE_STANDARD = gnu11;
				GCC_NO_COMMON_BLOCKS = YES;
				GCC_WARN_64_TO_32_BIT_CONVERSION = YES;
				GCC_WARN_ABOUT_RETURN_TYPE = YES_ERROR;
				GCC_WARN_UNDECLARED_SELECTOR = YES;
				GCC_WARN_UNINITIALIZED_AUTOS = YES_AGGRESSIVE;
				GCC_WARN_UNUSED_FUNCTION = YES;
				GCC_WARN_UNUSED_VARIABLE = YES;
				IPHONEOS_DEPLOYMENT_TARGET = 11.2;
				MTL_ENABLE_DEBUG_INFO = NO;
				SDKROOT = iphoneos;
				SWIFT_OPTIMIZATION_LEVEL = "-Owholemodule";
				VALIDATE_PRODUCT = YES;
			};
			name = Release;
		};
		AE1D66D1204E66D6004C1C76 /* Debug */ = {
			isa = XCBuildConfiguration;
			baseConfigurationReference = 59ACD9951A7CC139E3B337A9 /* Pods-Todo List.debug.xcconfig */;
			buildSettings = {
				ASSETCATALOG_COMPILER_APPICON_NAME = AppIcon;
				CODE_SIGN_STYLE = Automatic;
				DEVELOPMENT_TEAM = 876Y47DYT3;
				INFOPLIST_FILE = "Todo List/Info.plist";
				LD_RUNPATH_SEARCH_PATHS = "$(inherited) @executable_path/Frameworks";
				PRODUCT_BUNDLE_IDENTIFIER = "com.aarongeist.Todo-List";
				PRODUCT_NAME = "$(TARGET_NAME)";
				SWIFT_VERSION = 4.0;
				TARGETED_DEVICE_FAMILY = "1,2";
			};
			name = Debug;
		};
		AE1D66D2204E66D6004C1C76 /* Release */ = {
			isa = XCBuildConfiguration;
			baseConfigurationReference = D150FB2D5D2DCFFA404D4FA7 /* Pods-Todo List.release.xcconfig */;
			buildSettings = {
				ASSETCATALOG_COMPILER_APPICON_NAME = AppIcon;
				CODE_SIGN_STYLE = Automatic;
				DEVELOPMENT_TEAM = 876Y47DYT3;
				INFOPLIST_FILE = "Todo List/Info.plist";
				LD_RUNPATH_SEARCH_PATHS = "$(inherited) @executable_path/Frameworks";
				PRODUCT_BUNDLE_IDENTIFIER = "com.aarongeist.Todo-List";
				PRODUCT_NAME = "$(TARGET_NAME)";
				SWIFT_VERSION = 4.0;
				TARGETED_DEVICE_FAMILY = "1,2";
			};
			name = Release;
		};
/* End XCBuildConfiguration section */

/* Begin XCConfigurationList section */
		AE1D66B9204E66D6004C1C76 /* Build configuration list for PBXProject "Todo List" */ = {
			isa = XCConfigurationList;
			buildConfigurations = (
				AE1D66CE204E66D6004C1C76 /* Debug */,
				AE1D66CF204E66D6004C1C76 /* Release */,
			);
			defaultConfigurationIsVisible = 0;
			defaultConfigurationName = Release;
		};
		AE1D66D0204E66D6004C1C76 /* Build configuration list for PBXNativeTarget "Todo List" */ = {
			isa = XCConfigurationList;
			buildConfigurations = (
				AE1D66D1204E66D6004C1C76 /* Debug */,
				AE1D66D2204E66D6004C1C76 /* Release */,
			);
			defaultConfigurationIsVisible = 0;
			defaultConfigurationName = Release;
		};
/* End XCConfigurationList section */
	};
	rootObject = AE1D66B6204E66D6004C1C76 /* Project object */;
}
